
Microsoft Visual Studio Solution File, Format Version 12.00
# Visual Studio Version 17
VisualStudioVersion = 17.7.34031.279
MinimumVisualStudioVersion = 10.0.40219.1
Project("{FAE04EC0-301F-11D3-BF4B-00C04F79EFBC}") = "nesneTabanliHafta9", "nesneTabanliHafta9\nesneTabanliHafta9.csproj", "{F96DB184-A144-4088-8593-8A3428583B9C}"
EndProject
Global
	GlobalSection(SolutionConfigurationPlatforms) = preSolution
		Debug|Any CPU = Debug|Any CPU
		Release|Any CPU = Release|Any CPU
	EndGlobalSection
	GlobalSection(ProjectConfigurationPlatforms) = postSolution
		{F96DB184-A144-4088-8593-8A3428583B9C}.Debug|Any CPU.ActiveCfg = Debug|Any CPU
		{F96DB184-A144-4088-8593-8A3428583B9C}.Debug|Any CPU.Build.0 = Debug|Any CPU
		{F96DB184-A144-4088-8593-8A3428583B9C}.Release|Any CPU.ActiveCfg = Release|Any CPU
		{F96DB184-A144-4088-8593-8A3428583B9C}.Release|Any CPU.Build.0 = Release|Any CPU
	EndGlobalSection
	GlobalSection(SolutionProperties) = preSolution
		HideSolutionNode = FALSE
	EndGlobalSection
	GlobalSection(ExtensibilityGlobals) = postSolution
		SolutionGuid = {5728DC9D-6AC9-4FE6-A616-EE9035D90442}
	EndGlobalSection
EndGlobal
